
Microsoft Visual Studio Solution File, Format Version 12.00
# Visual Studio Version 16
VisualStudioVersion = 16.0.32002.261
MinimumVisualStudioVersion = 10.0.40219.1
Project("{FAE04EC0-301F-11D3-BF4B-00C04F79EFBC}") = "CS-LS-1", "CS-LS-1\CS-LS-1.csproj", "{0587C588-C3D6-45F4-8A51-BA183C71CFBE}"
EndProject
Global
	GlobalSection(SolutionConfigurationPlatforms) = preSolution
		Debug|Any CPU = Debug|Any CPU
		Release|Any CPU = Release|Any CPU
	EndGlobalSection
	GlobalSection(ProjectConfigurationPlatforms) = postSolution
		{0587C588-C3D6-45F4-8A51-BA183C71CFBE}.Debug|Any CPU.ActiveCfg = Debug|Any CPU
		{0587C588-C3D6-45F4-8A51-BA183C71CFBE}.Debug|Any CPU.Build.0 = Debug|Any CPU
		{0587C588-C3D6-45F4-8A51-BA183C71CFBE}.Release|Any CPU.ActiveCfg = Release|Any CPU
		{0587C588-C3D6-45F4-8A51-BA183C71CFBE}.Release|Any CPU.Build.0 = Release|Any CPU
	EndGlobalSection
	GlobalSection(SolutionProperties) = preSolution
		HideSolutionNode = FALSE
	EndGlobalSection
	GlobalSection(ExtensibilityGlobals) = postSolution
		SolutionGuid = {F7320C96-02A6-4C1C-9994-BA787005443C}
	EndGlobalSection
EndGlobal
